
Microsoft Visual Studio Solution File, Format Version 12.00
# Visual Studio Version 16
VisualStudioVersion = 16.0.29911.84
MinimumVisualStudioVersion = 10.0.40219.1
Project("{9A19103F-16F7-4668-BE54-9A1E7A4F7556}") = "EidelundEmployees", "EidelundEmployees\EidelundEmployees.csproj", "{86B62044-B082-4AAB-B2E4-76690144C124}"
EndProject
Project("{9A19103F-16F7-4668-BE54-9A1E7A4F7556}") = "Contracts", "Contracts\Contracts.csproj", "{ACC504A3-8390-4A7C-9425-DC3990006981}"
EndProject
Project("{9A19103F-16F7-4668-BE54-9A1E7A4F7556}") = "LoggerService", "LoggerService\LoggerService.csproj", "{228CAEB7-48E7-4C8C-97C3-8C5D95DAC4C4}"
EndProject
Project("{9A19103F-16F7-4668-BE54-9A1E7A4F7556}") = "Entities", "Entities\Entities.csproj", "{A71CDE63-72EE-4679-A03F-FBCCB85C0105}"
EndProject
Project("{FAE04EC0-301F-11D3-BF4B-00C04F79EFBC}") = "Repository", "Repository\Repository.csproj", "{834455EE-3EF4-4956-9DC6-285CCBD18599}"
EndProject
Global
	GlobalSection(SolutionConfigurationPlatforms) = preSolution
		Debug|Any CPU = Debug|Any CPU
		Release|Any CPU = Release|Any CPU
	EndGlobalSection
	GlobalSection(ProjectConfigurationPlatforms) = postSolution
		{86B62044-B082-4AAB-B2E4-76690144C124}.Debug|Any CPU.ActiveCfg = Debug|Any CPU
		{86B62044-B082-4AAB-B2E4-76690144C124}.Debug|Any CPU.Build.0 = Debug|Any CPU
		{86B62044-B082-4AAB-B2E4-76690144C124}.Release|Any CPU.ActiveCfg = Release|Any CPU
		{86B62044-B082-4AAB-B2E4-76690144C124}.Release|Any CPU.Build.0 = Release|Any CPU
		{ACC504A3-8390-4A7C-9425-DC3990006981}.Debug|Any CPU.ActiveCfg = Debug|Any CPU
		{ACC504A3-8390-4A7C-9425-DC3990006981}.Debug|Any CPU.Build.0 = Debug|Any CPU
		{ACC504A3-8390-4A7C-9425-DC3990006981}.Release|Any CPU.ActiveCfg = Release|Any CPU
		{ACC504A3-8390-4A7C-9425-DC3990006981}.Release|Any CPU.Build.0 = Release|Any CPU
		{228CAEB7-48E7-4C8C-97C3-8C5D95DAC4C4}.Debug|Any CPU.ActiveCfg = Debug|Any CPU
		{228CAEB7-48E7-4C8C-97C3-8C5D95DAC4C4}.Debug|Any CPU.Build.0 = Debug|Any CPU
		{228CAEB7-48E7-4C8C-97C3-8C5D95DAC4C4}.Release|Any CPU.ActiveCfg = Release|Any CPU
		{228CAEB7-48E7-4C8C-97C3-8C5D95DAC4C4}.Release|Any CPU.Build.0 = Release|Any CPU
		{A71CDE63-72EE-4679-A03F-FBCCB85C0105}.Debug|Any CPU.ActiveCfg = Debug|Any CPU
		{A71CDE63-72EE-4679-A03F-FBCCB85C0105}.Debug|Any CPU.Build.0 = Debug|Any CPU
		{A71CDE63-72EE-4679-A03F-FBCCB85C0105}.Release|Any CPU.ActiveCfg = Release|Any CPU
		{A71CDE63-72EE-4679-A03F-FBCCB85C0105}.Release|Any CPU.Build.0 = Release|Any CPU
		{834455EE-3EF4-4956-9DC6-285CCBD18599}.Debug|Any CPU.ActiveCfg = Debug|Any CPU
		{834455EE-3EF4-4956-9DC6-285CCBD18599}.Debug|Any CPU.Build.0 = Debug|Any CPU
		{834455EE-3EF4-4956-9DC6-285CCBD18599}.Release|Any CPU.ActiveCfg = Release|Any CPU
		{834455EE-3EF4-4956-9DC6-285CCBD18599}.Release|Any CPU.Build.0 = Release|Any CPU
	EndGlobalSection
	GlobalSection(SolutionProperties) = preSolution
		HideSolutionNode = FALSE
	EndGlobalSection
	GlobalSection(ExtensibilityGlobals) = postSolution
		SolutionGuid = {B988DF1C-327F-47B1-95F4-4BD9CC780455}
	EndGlobalSection
EndGlobal
